Microsoft Visual Studio Solution File, Format Version 12.00
# Visual Studio Version 17
VisualStudioVersion = 17.5.2.0
MinimumVisualStudioVersion = 10.0.40219.1
Project("{FAE04EC0-301F-11D3-BF4B-00C04F79EFBC}") = "aulas", "aulas\aulas.csproj", "{D7466396-F0A5-5B8E-B392-60DA3C5A71DF}"
EndProject
Global
	GlobalSection(SolutionConfigurationPlatforms) = preSolution
		Debug|Any CPU = Debug|Any CPU
		Release|Any CPU = Release|Any CPU
	EndGlobalSection
	GlobalSection(ProjectConfigurationPlatforms) = postSolution
		{D7466396-F0A5-5B8E-B392-60DA3C5A71DF}.Debug|Any CPU.ActiveCfg = Debug|Any CPU
		{D7466396-F0A5-5B8E-B392-60DA3C5A71DF}.Debug|Any CPU.Build.0 = Debug|Any CPU
		{D7466396-F0A5-5B8E-B392-60DA3C5A71DF}.Release|Any CPU.ActiveCfg = Release|Any CPU
		{D7466396-F0A5-5B8E-B392-60DA3C5A71DF}.Release|Any CPU.Build.0 = Release|Any CPU
	EndGlobalSection
	GlobalSection(SolutionProperties) = preSolution
		HideSolutionNode = FALSE
	EndGlobalSection
	GlobalSection(ExtensibilityGlobals) = postSolution
		SolutionGuid = {88E5AA24-735A-421D-B6EE-43432F4733E1}
	EndGlobalSection
EndGlobal
